
Microsoft Visual Studio Solution File, Format Version 12.00
# Visual Studio 15
VisualStudioVersion = 15.0.28010.2036
MinimumVisualStudioVersion = 10.0.40219.1
Project("{8BC9CEB8-8B4A-11D0-8D11-00A0C91BC942}") = "Ch4_Lab2-2", "Ch4_Lab2-2\Ch4_Lab2-2.vcxproj", "{72FD8E33-5529-408D-85FF-6A30E3AD47E0}"
EndProject
Global
	GlobalSection(SolutionConfigurationPlatforms) = preSolution
		Debug|x64 = Debug|x64
		Debug|x86 = Debug|x86
		Release|x64 = Release|x64
		Release|x86 = Release|x86
	EndGlobalSection
	GlobalSection(ProjectConfigurationPlatforms) = postSolution
		{72FD8E33-5529-408D-85FF-6A30E3AD47E0}.Debug|x64.ActiveCfg = Debug|x64
		{72FD8E33-5529-408D-85FF-6A30E3AD47E0}.Debug|x64.Build.0 = Debug|x64
		{72FD8E33-5529-408D-85FF-6A30E3AD47E0}.Debug|x86.ActiveCfg = Debug|Win32
		{72FD8E33-5529-408D-85FF-6A30E3AD47E0}.Debug|x86.Build.0 = Debug|Win32
		{72FD8E33-5529-408D-85FF-6A30E3AD47E0}.Release|x64.ActiveCfg = Release|x64
		{72FD8E33-5529-408D-85FF-6A30E3AD47E0}.Release|x64.Build.0 = Release|x64
		{72FD8E33-5529-408D-85FF-6A30E3AD47E0}.Release|x86.ActiveCfg = Release|Win32
		{72FD8E33-5529-408D-85FF-6A30E3AD47E0}.Release|x86.Build.0 = Release|Win32
	EndGlobalSection
	GlobalSection(SolutionProperties) = preSolution
		HideSolutionNode = FALSE
	EndGlobalSection
	GlobalSection(ExtensibilityGlobals) = postSolution
		SolutionGuid = {FDE1C1E5-BAEF-4C6E-A5B7-B1FD7ACB1A89}
	EndGlobalSection
EndGlobal
